
Microsoft Visual Studio Solution File, Format Version 12.00
Project("{FAE04EC0-301F-11D3-BF4B-00C04F79EFBC}") = "BuildTruckShared", "BuildTruckShared\BuildTruckShared.csproj", "{9D0F90A9-C9B5-4340-B1AC-6C0438E93EA7}"
EndProject
Project("{FAE04EC0-301F-11D3-BF4B-00C04F79EFBC}") = "BuildTruckUserService", "BuildTruckUserService\BuildTruckUserService.csproj", "{604B53A8-907D-4484-A344-3583F4B747AF}"
EndProject
Project("{FAE04EC0-301F-11D3-BF4B-00C04F79EFBC}") = "BuildTruckProjectService", "BuildTruckProjectService\BuildTruckProjectService.csproj", "{F21A2A37-2BE7-4CA4-B3FF-78578D5DFCF4}"
EndProject
Project("{FAE04EC0-301F-11D3-BF4B-00C04F79EFBC}") = "BuildTruckIncidentService", "BuildTruckIncidentService\BuildTruckIncidentService.csproj", "{B96E5F49-B397-4DE5-B3CA-DF6528BB0812}"
EndProject
Project("{FAE04EC0-301F-11D3-BF4B-00C04F79EFBC}") = "BuildTruckDocumentationService", "BuildTruckDocumentationService\BuildTruckDocumentationService.csproj", "{017FD848-0D2C-40BC-A538-C0EF2BA02DC0}"
EndProject
Project("{FAE04EC0-301F-11D3-BF4B-00C04F79EFBC}") = "BuildTruckMaterialsService", "BuildTruckMaterialsService\BuildTruckMaterialsService.csproj", "{047174C0-4DC3-4859-90A7-7D7B218DDDB9}"
EndProject
Project("{FAE04EC0-301F-11D3-BF4B-00C04F79EFBC}") = "BuildTruckConfigurationService", "BuildTruckConfigurationService\BuildTruckConfigurationService.csproj", "{A7C79180-129B-4C6F-83D4-7E842F36B51A}"
EndProject
Global
	GlobalSection(SolutionConfigurationPlatforms) = preSolution
		Debug|Any CPU = Debug|Any CPU
		Debug|x64 = Debug|x64
		Debug|x86 = Debug|x86
		Release|Any CPU = Release|Any CPU
		Release|x64 = Release|x64
		Release|x86 = Release|x86
	EndGlobalSection
	GlobalSection(ProjectConfigurationPlatforms) = postSolution
		{9D0F90A9-C9B5-4340-B1AC-6C0438E93EA7}.Debug|Any CPU.ActiveCfg = Debug|Any CPU
		{9D0F90A9-C9B5-4340-B1AC-6C0438E93EA7}.Debug|Any CPU.Build.0 = Debug|Any CPU
		{9D0F90A9-C9B5-4340-B1AC-6C0438E93EA7}.Debug|x64.ActiveCfg = Debug|Any CPU
		{9D0F90A9-C9B5-4340-B1AC-6C0438E93EA7}.Debug|x64.Build.0 = Debug|Any CPU
		{9D0F90A9-C9B5-4340-B1AC-6C0438E93EA7}.Debug|x86.ActiveCfg = Debug|Any CPU
		{9D0F90A9-C9B5-4340-B1AC-6C0438E93EA7}.Debug|x86.Build.0 = Debug|Any CPU
		{9D0F90A9-C9B5-4340-B1AC-6C0438E93EA7}.Release|Any CPU.ActiveCfg = Release|Any CPU
		{9D0F90A9-C9B5-4340-B1AC-6C0438E93EA7}.Release|Any CPU.Build.0 = Release|Any CPU
		{9D0F90A9-C9B5-4340-B1AC-6C0438E93EA7}.Release|x64.ActiveCfg = Release|Any CPU
		{9D0F90A9-C9B5-4340-B1AC-6C0438E93EA7}.Release|x64.Build.0 = Release|Any CPU
		{9D0F90A9-C9B5-4340-B1AC-6C0438E93EA7}.Release|x86.ActiveCfg = Release|Any CPU
		{9D0F90A9-C9B5-4340-B1AC-6C0438E93EA7}.Release|x86.Build.0 = Release|Any CPU
		{604B53A8-907D-4484-A344-3583F4B747AF}.Debug|Any CPU.ActiveCfg = Debug|Any CPU
		{604B53A8-907D-4484-A344-3583F4B747AF}.Debug|Any CPU.Build.0 = Debug|Any CPU
		{604B53A8-907D-4484-A344-3583F4B747AF}.Debug|x64.ActiveCfg = Debug|Any CPU
		{604B53A8-907D-4484-A344-3583F4B747AF}.Debug|x64.Build.0 = Debug|Any CPU
		{604B53A8-907D-4484-A344-3583F4B747AF}.Debug|x86.ActiveCfg = Debug|Any CPU
		{604B53A8-907D-4484-A344-3583F4B747AF}.Debug|x86.Build.0 = Debug|Any CPU
		{604B53A8-907D-4484-A344-3583F4B747AF}.Release|Any CPU.ActiveCfg = Release|Any CPU
		{604B53A8-907D-4484-A344-3583F4B747AF}.Release|Any CPU.Build.0 = Release|Any CPU
		{604B53A8-907D-4484-A344-3583F4B747AF}.Release|x64.ActiveCfg = Release|Any CPU
		{604B53A8-907D-4484-A344-3583F4B747AF}.Release|x64.Build.0 = Release|Any CPU
		{604B53A8-907D-4484-A344-3583F4B747AF}.Release|x86.ActiveCfg = Release|Any CPU
		{604B53A8-907D-4484-A344-3583F4B747AF}.Release|x86.Build.0 = Release|Any CPU
		{F21A2A37-2BE7-4CA4-B3FF-78578D5DFCF4}.Debug|Any CPU.ActiveCfg = Debug|Any CPU
		{F21A2A37-2BE7-4CA4-B3FF-78578D5DFCF4}.Debug|Any CPU.Build.0 = Debug|Any CPU
		{F21A2A37-2BE7-4CA4-B3FF-78578D5DFCF4}.Debug|x64.ActiveCfg = Debug|Any CPU
		{F21A2A37-2BE7-4CA4-B3FF-78578D5DFCF4}.Debug|x64.Build.0 = Debug|Any CPU
		{F21A2A37-2BE7-4CA4-B3FF-78578D5DFCF4}.Debug|x86.ActiveCfg = Debug|Any CPU
		{F21A2A37-2BE7-4CA4-B3FF-78578D5DFCF4}.Debug|x86.Build.0 = Debug|Any CPU
		{F21A2A37-2BE7-4CA4-B3FF-78578D5DFCF4}.Release|Any CPU.ActiveCfg = Release|Any CPU
		{F21A2A37-2BE7-4CA4-B3FF-78578D5DFCF4}.Release|Any CPU.Build.0 = Release|Any CPU
		{F21A2A37-2BE7-4CA4-B3FF-78578D5DFCF4}.Release|x64.ActiveCfg = Release|Any CPU
		{F21A2A37-2BE7-4CA4-B3FF-78578D5DFCF4}.Release|x64.Build.0 = Release|Any CPU
		{F21A2A37-2BE7-4CA4-B3FF-78578D5DFCF4}.Release|x86.ActiveCfg = Release|Any CPU
		{F21A2A37-2BE7-4CA4-B3FF-78578D5DFCF4}.Release|x86.Build.0 = Release|Any CPU
		{B96E5F49-B397-4DE5-B3CA-DF6528BB0812}.Debug|Any CPU.ActiveCfg = Debug|Any CPU
		{B96E5F49-B397-4DE5-B3CA-DF6528BB0812}.Debug|Any CPU.Build.0 = Debug|Any CPU
		{B96E5F49-B397-4DE5-B3CA-DF6528BB0812}.Debug|x64.ActiveCfg = Debug|Any CPU
		{B96E5F49-B397-4DE5-B3CA-DF6528BB0812}.Debug|x64.Build.0 = Debug|Any CPU
		{B96E5F49-B397-4DE5-B3CA-DF6528BB0812}.Debug|x86.ActiveCfg = Debug|Any CPU
		{B96E5F49-B397-4DE5-B3CA-DF6528BB0812}.Debug|x86.Build.0 = Debug|Any CPU
		{B96E5F49-B397-4DE5-B3CA-DF6528BB0812}.Release|Any CPU.ActiveCfg = Release|Any CPU
		{B96E5F49-B397-4DE5-B3CA-DF6528BB0812}.Release|Any CPU.Build.0 = Release|Any CPU
		{B96E5F49-B397-4DE5-B3CA-DF6528BB0812}.Release|x64.ActiveCfg = Release|Any CPU
		{B96E5F49-B397-4DE5-B3CA-DF6528BB0812}.Release|x64.Build.0 = Release|Any CPU
		{B96E5F49-B397-4DE5-B3CA-DF6528BB0812}.Release|x86.ActiveCfg = Release|Any CPU
		{B96E5F49-B397-4DE5-B3CA-DF6528BB0812}.Release|x86.Build.0 = Release|Any CPU
		{017FD848-0D2C-40BC-A538-C0EF2BA02DC0}.Debug|Any CPU.ActiveCfg = Debug|Any CPU
		{017FD848-0D2C-40BC-A538-C0EF2BA02DC0}.Debug|Any CPU.Build.0 = Debug|Any CPU
		{017FD848-0D2C-40BC-A538-C0EF2BA02DC0}.Debug|x64.ActiveCfg = Debug|Any CPU
		{017FD848-0D2C-40BC-A538-C0EF2BA02DC0}.Debug|x64.Build.0 = Debug|Any CPU
		{017FD848-0D2C-40BC-A538-C0EF2BA02DC0}.Debug|x86.ActiveCfg = Debug|Any CPU
		{017FD848-0D2C-40BC-A538-C0EF2BA02DC0}.Debug|x86.Build.0 = Debug|Any CPU
		{017FD848-0D2C-40BC-A538-C0EF2BA02DC0}.Release|Any CPU.ActiveCfg = Release|Any CPU
		{017FD848-0D2C-40BC-A538-C0EF2BA02DC0}.Release|Any CPU.Build.0 = Release|Any CPU
		{017FD848-0D2C-40BC-A538-C0EF2BA02DC0}.Release|x64.ActiveCfg = Release|Any CPU
		{017FD848-0D2C-40BC-A538-C0EF2BA02DC0}.Release|x64.Build.0 = Release|Any CPU
		{017FD848-0D2C-40BC-A538-C0EF2BA02DC0}.Release|x86.ActiveCfg = Release|Any CPU
		{017FD848-0D2C-40BC-A538-C0EF2BA02DC0}.Release|x86.Build.0 = Release|Any CPU
		{047174C0-4DC3-4859-90A7-7D7B218DDDB9}.Debug|Any CPU.ActiveCfg = Debug|Any CPU
		{047174C0-4DC3-4859-90A7-7D7B218DDDB9}.Debug|Any CPU.Build.0 = Debug|Any CPU
		{047174C0-4DC3-4859-90A7-7D7B218DDDB9}.Debug|x64.ActiveCfg = Debug|Any CPU
		{047174C0-4DC3-4859-90A7-7D7B218DDDB9}.Debug|x64.Build.0 = Debug|Any CPU
		{047174C0-4DC3-4859-90A7-7D7B218DDDB9}.Debug|x86.ActiveCfg = Debug|Any CPU
		{047174C0-4DC3-4859-90A7-7D7B218DDDB9}.Debug|x86.Build.0 = Debug|Any CPU
		{047174C0-4DC3-4859-90A7-7D7B218DDDB9}.Release|Any CPU.ActiveCfg = Release|Any CPU
		{047174C0-4DC3-4859-90A7-7D7B218DDDB9}.Release|Any CPU.Build.0 = Release|Any CPU
		{047174C0-4DC3-4859-90A7-7D7B218DDDB9}.Release|x64.ActiveCfg = Release|Any CPU
		{047174C0-4DC3-4859-90A7-7D7B218DDDB9}.Release|x64.Build.0 = Release|Any CPU
		{047174C0-4DC3-4859-90A7-7D7B218DDDB9}.Release|x86.ActiveCfg = Release|Any CPU
		{047174C0-4DC3-4859-90A7-7D7B218DDDB9}.Release|x86.Build.0 = Release|Any CPU
		{A7C79180-129B-4C6F-83D4-7E842F36B51A}.Debug|Any CPU.ActiveCfg = Debug|Any CPU
		{A7C79180-129B-4C6F-83D4-7E842F36B51A}.Debug|Any CPU.Build.0 = Debug|Any CPU
		{A7C79180-129B-4C6F-83D4-7E842F36B51A}.Debug|x64.ActiveCfg = Debug|Any CPU
		{A7C79180-129B-4C6F-83D4-7E842F36B51A}.Debug|x64.Build.0 = Debug|Any CPU
		{A7C79180-129B-4C6F-83D4-7E842F36B51A}.Debug|x86.ActiveCfg = Debug|Any CPU
		{A7C79180-129B-4C6F-83D4-7E842F36B51A}.Debug|x86.Build.0 = Debug|Any CPU
		{A7C79180-129B-4C6F-83D4-7E842F36B51A}.Release|Any CPU.ActiveCfg = Release|Any CPU
		{A7C79180-129B-4C6F-83D4-7E842F36B51A}.Release|Any CPU.Build.0 = Release|Any CPU
		{A7C79180-129B-4C6F-83D4-7E842F36B51A}.Release|x64.ActiveCfg = Release|Any CPU
		{A7C79180-129B-4C6F-83D4-7E842F36B51A}.Release|x64.Build.0 = Release|Any CPU
		{A7C79180-129B-4C6F-83D4-7E842F36B51A}.Release|x86.ActiveCfg = Release|Any CPU
		{A7C79180-129B-4C6F-83D4-7E842F36B51A}.Release|x86.Build.0 = Release|Any CPU
	EndGlobalSection
	GlobalSection(SolutionProperties) = preSolution
		HideSolutionNode = FALSE
	EndGlobalSection
EndGlobal
